{
  "name": "dsqr-dotdev",
  "lockfileVersion": 3,
  "requires": true,
  "packages": {
    "": {
      "name": "dsqr-dotdev",
      "workspaces": [
        "packages/database"
      ],
      "devDependencies": {
        "@types/bun": "latest",
        "prettier": "3.5.3",
        "typescript": "5.8.3"
      }
    },
    "node_modules/@dsqr-dotdev/database": {
      "resolved": "packages/database",
      "link": true
    },
    "node_modules/@tsconfig/node22": {
      "version": "22.0.1",
      "resolved": "https://registry.npmjs.org/@tsconfig/node22/-/node22-22.0.1.tgz",
      "integrity": "sha512-VkgOa3n6jvs1p+r3DiwBqeEwGAwEvnVCg/hIjiANl5IEcqP3G0u5m8cBJspe1t9qjZRlZ7WFgqq5bJrGdgAKMg==",
      "license": "MIT"
    },
    "node_modules/@types/bun": {
      "version": "1.2.10",
      "resolved": "https://registry.npmjs.org/@types/bun/-/bun-1.2.10.tgz",
      "integrity": "sha512-eilv6WFM3M0c9ztJt7/g80BDusK98z/FrFwseZgT4bXCq2vPhXD4z8R3oddmAn+R/Nmz9vBn4kweJKmGTZj+lg==",
      "dev": true,
      "license": "MIT",
      "dependencies": {
        "bun-types": "1.2.10"
      }
    },
    "node_modules/@types/node": {
      "version": "22.15.0",
      "dev": true,
      "license": "MIT",
      "dependencies": {
        "undici-types": "~6.21.0"
      }
    },
    "node_modules/bun-types": {
      "version": "1.2.10",
      "resolved": "https://registry.npmjs.org/bun-types/-/bun-types-1.2.10.tgz",
      "integrity": "sha512-b5ITZMnVdf3m1gMvJHG+gIfeJHiQPJak0f7925Hxu6ZN5VKA8AGy4GZ4lM+Xkn6jtWxg5S3ldWvfmXdvnkp3GQ==",
      "dev": true,
      "license": "MIT",
      "dependencies": {
        "@types/node": "*"
      }
    },
    "node_modules/prettier": {
      "version": "3.5.3",
      "dev": true,
      "license": "MIT",
      "bin": {
        "prettier": "bin/prettier.cjs"
      },
      "engines": {
        "node": ">=14"
      },
      "funding": {
        "url": "https://github.com/prettier/prettier?sponsor=1"
      }
    },
    "node_modules/typescript": {
      "version": "5.8.3",
      "dev": true,
      "license": "Apache-2.0",
      "bin": {
        "tsc": "bin/tsc",
        "tsserver": "bin/tsserver"
      },
      "engines": {
        "node": ">=14.17"
      }
    },
    "node_modules/undici-types": {
      "version": "6.21.0",
      "dev": true,
      "license": "MIT"
    },
    "packages/database": {
      "name": "@dsqr-dotdev/database",
      "version": "0.0.4",
      "dependencies": {
        "@tsconfig/node22": "^22.0.1"
      },
      "devDependencies": {
        "bun-types": "latest",
        "typescript": "5.8.3"
      }
    }
  }
}
