{
  "lockfileVersion": 1,
  "workspaces": {
    "": {
      "name": "@dsqr-dotdev/database",
      "dependencies": {
        "@tsconfig/node22": "^22.0.1",
      },
      "devDependencies": {
        "bun-types": "latest",
        "typescript": "5.8.3",
      },
    },
  },
  "packages": {
    "@tsconfig/node22": ["@tsconfig/node22@22.0.1", "", {}, "sha512-VkgOa3n6jvs1p+r3DiwBqeEwGAwEvnVCg/hIjiANl5IEcqP3G0u5m8cBJspe1t9qjZRlZ7WFgqq5bJrGdgAKMg=="],

    "@types/node": ["@types/node@22.15.0", "", { "dependencies": { "undici-types": "~6.21.0" } }, "sha512-99S8dWD2DkeE6PBaEDw+In3aar7hdoBvjyJMR6vaKBTzpvR0P00ClzJMOoVrj9D2+Sy/YCwACYHnBTpMhg1UCA=="],

    "bun-types": ["bun-types@1.2.10", "", { "dependencies": { "@types/node": "*" } }, "sha512-b5ITZMnVdf3m1gMvJHG+gIfeJHiQPJak0f7925Hxu6ZN5VKA8AGy4GZ4lM+Xkn6jtWxg5S3ldWvfmXdvnkp3GQ=="],

    "typescript": ["typescript@5.8.3", "", { "bin": { "tsc": "bin/tsc", "tsserver": "bin/tsserver" } }, "sha512-p1diW6TqL9L07nNxvRMM7hMMw4c5XOo/1ibL4aAIGmSAt9slTE1Xgw5KWuof2uTOvCg9BY7ZRi+GaF+7sfgPeQ=="],

    "undici-types": ["undici-types@6.21.0", "", {}, "sha512-iwDZqg0QAGrg9Rav5H4n0M64c3mkR59cJ6wQp+7C4nI0gsmExaedaYLNO44eT4AtBBwjbTiGPMlt2Md0T9H9JQ=="],
  }
}
